
Microsoft Visual Studio Solution File, Format Version 12.00
# Visual Studio 15
VisualStudioVersion = 15.0.28307.852
MinimumVisualStudioVersion = 10.0.40219.1
Project("{FAE04EC0-301F-11D3-BF4B-00C04F79EFBC}") = "EightQueens", "EightQueens\EightQueens.csproj", "{DF07BA2A-1B54-46F4-8782-BCF4DBCB7BD4}"
EndProject
Global
	GlobalSection(SolutionConfigurationPlatforms) = preSolution
		Debug|Any CPU = Debug|Any CPU
		Release|Any CPU = Release|Any CPU
	EndGlobalSection
	GlobalSection(ProjectConfigurationPlatforms) = postSolution
		{DF07BA2A-1B54-46F4-8782-BCF4DBCB7BD4}.Debug|Any CPU.ActiveCfg = Debug|Any CPU
		{DF07BA2A-1B54-46F4-8782-BCF4DBCB7BD4}.Debug|Any CPU.Build.0 = Debug|Any CPU
		{DF07BA2A-1B54-46F4-8782-BCF4DBCB7BD4}.Release|Any CPU.ActiveCfg = Release|Any CPU
		{DF07BA2A-1B54-46F4-8782-BCF4DBCB7BD4}.Release|Any CPU.Build.0 = Release|Any CPU
	EndGlobalSection
	GlobalSection(SolutionProperties) = preSolution
		HideSolutionNode = FALSE
	EndGlobalSection
	GlobalSection(ExtensibilityGlobals) = postSolution
		SolutionGuid = {BAD78003-76C8-4187-86DC-F24AA9105BC8}
	EndGlobalSection
EndGlobal
